cloud.google.com/go v0.23.0 h1:w1svupRqvZnfjN9+KksMiggoIRQuMzWkVzpxcR96xDs=
cloud.google.com/go v0.23.0/go.mod h1:aQUYkXzVsufM+DwF1aE+0xfcU+56JwCaLick0ClmMTw=
github.com/cloudflare/cloudflare-go v0.8.5 h1:k1iz+H2jIL8OnS+bGhNQ6GPldi7VCo2tuWmfQ4kMiDI=
github.com/cloudflare/cloudflare-go v0.8.5/go.mod h1:8KhU6K+zHUEWOSU++mEQYf7D9UZOcQcibUoSm6vCUz4=
github.com/golang/protobuf v1.1.0/go.mod h1:6lQm79b+lXiMfvg/cZm0SGofjICqVBUtrP5yJMmIC1U=
github.com/mattn/go-runewidth v0.0.2 h1:UnlwIPBGaTZfPQ6T1IGzPI0EkYAQmT9fAEJ/poFC63o=
github.com/mattn/go-runewidth v0.0.2/go.mod h1:LwmH8dsx7+W8Uxz3IHJYH5QSwggIsqBzpuz5H//U1FU=
github.com/olekukonko/tablewriter v0.0.0-20180506121414-d4647c9c7a84 h1:fiKJgB4JDUd43CApkmCeTSQlWjtTtABrU2qsgbuP0BI=
github.com/olekukonko/tablewriter v0.0.0-20180506121414-d4647c9c7a84/go.mod h1:vsDQFd/mU46D+Z4whnwzcISnGGzXWMclvtLoiIKAKIo=
github.com/pkg/errors v0.8.0 h1:WdK/asTD0HN+q6hsWO3/vpuAkAr+tw6aNJNDFFf0+qw=
github.com/pkg/errors v0.8.0/go.mod h1:bwawxfHBFNV+L2hUp1rHADufV3IMtnDRdf1r5NINEl0=
golang.org/x/net v0.0.0-20180524181706-dfa909b99c79 h1:1FDlG4HI84rVePw1/0E/crL5tt2N+1blLJpY6UZ6krs=
golang.org/x/net v0.0.0-20180524181706-dfa909b99c79/go.mod h1:mL1N/T3taQHkDXs73rZJwtUhF3w3ftmwwsq0BUmARs4=
golang.org/x/oauth2 v0.0.0-20180523224158-770e5ebd4ab2 h1:+9V2Zz2ssID5oa4lpMqEO7fjPAxuBWh66PnIvYuqqRo=
golang.org/x/oauth2 v0.0.0-20180523224158-770e5ebd4ab2/go.mod h1:N/0e6XlmueqKjAGxoOufVs8QHGRruUQn6yWY3a++T0U=
golang.org/x/time v0.0.0-20180412165947-fbb02b2291d2 h1:+DCIGbF/swA92ohVg0//6X2IVY3KZs6p9mix0ziNYJM=
golang.org/x/time v0.0.0-20180412165947-fbb02b2291d2/go.mod h1:tRJNPiyCQ0inRvYxbN9jk5I+vvW/OXSQhTDSoE431IQ=
google.golang.org/api v0.0.0-20180523193307-348810ff778a h1:uCvlkEqX01AOx/Pdj3XKuVkW+USlNGvRcmfGjuXWWuQ=
google.golang.org/api v0.0.0-20180523193307-348810ff778a/go.mod h1:4mhQ8q/RsB7i+udVvVy5NUi08OU8ZlA0gRVgrF7VFY0=
google.golang.org/appengine v1.0.0/go.mod h1:EbEs0AVv82hx2wNQdGPgUI5lhzA/G0D9YwlJXL52JkM=
